{
  "nodes": {
    "nixpkgs": {
      "locked": {
        "lastModified": 1655324599,
        "narHash": "sha256-W1FeyT2r/OIBqvye5J6G6VI3U+cJgS54Rh4DBFGWKuM=",
        "owner": "NixOS",
        "repo": "nixpkgs",
        "rev": "8b3c33e3202f6649774f7d3f94d092b5897d2155",
        "type": "github"
      },
      "original": {
        "owner": "NixOS",
        "repo": "nixpkgs",
        "rev": "8b3c33e3202f6649774f7d3f94d092b5897d2155",
        "type": "github"
      }
    },
    "root": {
      "inputs": {
        "nixpkgs": "nixpkgs"
      }
    }
  },
  "root": "root",
  "version": 7
}
